// !$*UTF8*$!
{
	archiveVersion = 1;
	classes = {
	};
	objectVersion = 56;
	objects = {

/* Begin PBXBuildFile section */
		53052F592B127C560030D9DE /* DiscoveryTreeApp.swift in Sources */ = {isa = PBXBuildFile; fileRef = 53052F582B127C560030D9DE /* DiscoveryTreeApp.swift */; };
		53052F5B2B127C560030D9DE /* ContentView.swift in Sources */ = {isa = PBXBuildFile; fileRef = 53052F5A2B127C560030D9DE /* ContentView.swift */; };
		53052F612B127C570030D9DE /* Preview Assets.xcassets in Resources */ = {isa = PBXBuildFile; fileRef = 53052F602B127C570030D9DE /* Preview Assets.xcassets */; };
		53346D582B1DB6A900661A07 /* DocumentViewModel+TreeViewModelDelegate.swift in Sources */ = {isa = PBXBuildFile; fileRef = 53346D572B1DB6A900661A07 /* DocumentViewModel+TreeViewModelDelegate.swift */; };
		536EF4022B1AF45F00DDBB8D /* TestData.swift in Sources */ = {isa = PBXBuildFile; fileRef = 536EF4012B1AF45F00DDBB8D /* TestData.swift */; };
		536EF4042B1AF4B400DDBB8D /* Tree+Extensions.swift in Sources */ = {isa = PBXBuildFile; fileRef = 536EF4032B1AF4B400DDBB8D /* Tree+Extensions.swift */; };
		5373156F2B131D2F00CD6932 /* DocumentView.swift in Sources */ = {isa = PBXBuildFile; fileRef = 5373156E2B131D2F00CD6932 /* DocumentView.swift */; };
		537315732B13220100CD6932 /* DocumentViewModel.swift in Sources */ = {isa = PBXBuildFile; fileRef = 537315722B13220100CD6932 /* DocumentViewModel.swift */; };
		5381A62D2B13812F007C56FD /* TicketView.swift in Sources */ = {isa = PBXBuildFile; fileRef = 5381A62C2B13812F007C56FD /* TicketView.swift */; };
		5381A62F2B13B448007C56FD /* Assets.xcassets in Resources */ = {isa = PBXBuildFile; fileRef = 5381A62E2B13B448007C56FD /* Assets.xcassets */; };
		5381A6312B13B5A0007C56FD /* Theme.swift in Sources */ = {isa = PBXBuildFile; fileRef = 5381A6302B13B5A0007C56FD /* Theme.swift */; };
		5381A6332B1456C9007C56FD /* Ticket.swift in Sources */ = {isa = PBXBuildFile; fileRef = 5381A6322B1456C9007C56FD /* Ticket.swift */; };
		5381A6352B145E03007C56FD /* TicketViewModel.swift in Sources */ = {isa = PBXBuildFile; fileRef = 5381A6342B145E03007C56FD /* TicketViewModel.swift */; };
		53FF68612B1B161100C20D7F /* DiscoveryTreeCore in Frameworks */ = {isa = PBXBuildFile; productRef = 53FF68602B1B161100C20D7F /* DiscoveryTreeCore */; };
		53FF68632B1B1D5C00C20D7F /* AppError.swift in Sources */ = {isa = PBXBuildFile; fileRef = 53FF68622B1B1D5C00C20D7F /* AppError.swift */; };
		53FF68652B1C8ACA00C20D7F /* Constants.swift in Sources */ = {isa = PBXBuildFile; fileRef = 53FF68642B1C8ACA00C20D7F /* Constants.swift */; };
/* End PBXBuildFile section */

/* Begin PBXFileReference section */
		53052F552B127C560030D9DE /* DiscoveryTree.app */ = {isa = PBXFileReference; explicitFileType = wrapper.application; includeInIndex = 0; path = DiscoveryTree.app; sourceTree = BUILT_PRODUCTS_DIR; };
		53052F582B127C560030D9DE /* DiscoveryTreeApp.swift */ = {isa = PBXFileReference; lastKnownFileType = sourcecode.swift; path = DiscoveryTreeApp.swift; sourceTree = "<group>"; };
		53052F5A2B127C560030D9DE /* ContentView.swift */ = {isa = PBXFileReference; lastKnownFileType = sourcecode.swift; path = ContentView.swift; sourceTree = "<group>"; };
		53052F5E2B127C570030D9DE /* DiscovertTree.entitlements */ = {isa = PBXFileReference; lastKnownFileType = text.plist.entitlements; path = DiscovertTree.entitlements; sourceTree = "<group>"; };
		53052F602B127C570030D9DE /* Preview Assets.xcassets */ = {isa = PBXFileReference; lastKnownFileType = folder.assetcatalog; path = "Preview Assets.xcassets"; sourceTree = "<group>"; };
		53346D572B1DB6A900661A07 /* DocumentViewModel+TreeViewModelDelegate.swift */ = {isa = PBXFileReference; lastKnownFileType = sourcecode.swift; path = "DocumentViewModel+TreeViewModelDelegate.swift"; sourceTree = "<group>"; };
		536EF4012B1AF45F00DDBB8D /* TestData.swift */ = {isa = PBXFileReference; lastKnownFileType = sourcecode.swift; path = TestData.swift; sourceTree = "<group>"; };
		536EF4032B1AF4B400DDBB8D /* Tree+Extensions.swift */ = {isa = PBXFileReference; lastKnownFileType = sourcecode.swift; path = "Tree+Extensions.swift"; sourceTree = "<group>"; };
		5373156E2B131D2F00CD6932 /* DocumentView.swift */ = {isa = PBXFileReference; lastKnownFileType = sourcecode.swift; path = DocumentView.swift; sourceTree = "<group>"; };
		537315722B13220100CD6932 /* DocumentViewModel.swift */ = {isa = PBXFileReference; fileEncoding = 4; lastKnownFileType = sourcecode.swift; path = DocumentViewModel.swift; sourceTree = "<group>"; };
		5381A62C2B13812F007C56FD /* TicketView.swift */ = {isa = PBXFileReference; lastKnownFileType = sourcecode.swift; path = TicketView.swift; sourceTree = "<group>"; };
		5381A62E2B13B448007C56FD /* Assets.xcassets */ = {isa = PBXFileReference; lastKnownFileType = folder.assetcatalog; path = Assets.xcassets; sourceTree = "<group>"; };
		5381A6302B13B5A0007C56FD /* Theme.swift */ = {isa = PBXFileReference; fileEncoding = 4; lastKnownFileType = sourcecode.swift; path = Theme.swift; sourceTree = "<group>"; };
		5381A6322B1456C9007C56FD /* Ticket.swift */ = {isa = PBXFileReference; fileEncoding = 4; lastKnownFileType = sourcecode.swift; path = Ticket.swift; sourceTree = "<group>"; };
		5381A6342B145E03007C56FD /* TicketViewModel.swift */ = {isa = PBXFileReference; lastKnownFileType = sourcecode.swift; path = TicketViewModel.swift; sourceTree = "<group>"; };
		53FF68622B1B1D5C00C20D7F /* AppError.swift */ = {isa = PBXFileReference; lastKnownFileType = sourcecode.swift; path = AppError.swift; sourceTree = "<group>"; };
		53FF68642B1C8ACA00C20D7F /* Constants.swift */ = {isa = PBXFileReference; lastKnownFileType = sourcecode.swift; path = Constants.swift; sourceTree = "<group>"; };
/* End PBXFileReference section */

/* Begin PBXFrameworksBuildPhase section */
		53052F522B127C560030D9DE /* Frameworks */ = {
			isa = PBXFrameworksBuildPhase;
			buildActionMask = 2147483647;
			files = (
				53FF68612B1B161100C20D7F /* DiscoveryTreeCore in Frameworks */,
			);
			runOnlyForDeploymentPostprocessing = 0;
		};
/* End PBXFrameworksBuildPhase section */

/* Begin PBXGroup section */
		53052F4C2B127C560030D9DE = {
			isa = PBXGroup;
			children = (
				53052F572B127C560030D9DE /* DiscovertTree */,
				53052F562B127C560030D9DE /* Products */,
			);
			sourceTree = "<group>";
		};
		53052F562B127C560030D9DE /* Products */ = {
			isa = PBXGroup;
			children = (
				53052F552B127C560030D9DE /* DiscoveryTree.app */,
			);
			name = Products;
			sourceTree = "<group>";
		};
		53052F572B127C560030D9DE /* DiscovertTree */ = {
			isa = PBXGroup;
			children = (
				53052F582B127C560030D9DE /* DiscoveryTreeApp.swift */,
				53FF68642B1C8ACA00C20D7F /* Constants.swift */,
				53FF68622B1B1D5C00C20D7F /* AppError.swift */,
				53052F5A2B127C560030D9DE /* ContentView.swift */,
				53346D592B1DB7EF00661A07 /* DocumentView */,
				5381A62C2B13812F007C56FD /* TicketView.swift */,
				5381A6322B1456C9007C56FD /* Ticket.swift */,
				5381A6342B145E03007C56FD /* TicketViewModel.swift */,
				5381A6302B13B5A0007C56FD /* Theme.swift */,
				536EF4032B1AF4B400DDBB8D /* Tree+Extensions.swift */,
				5381A62E2B13B448007C56FD /* Assets.xcassets */,
				53052F5E2B127C570030D9DE /* DiscovertTree.entitlements */,
				53052F5F2B127C570030D9DE /* Preview Content */,
				536EF4012B1AF45F00DDBB8D /* TestData.swift */,
			);
			path = DiscovertTree;
			sourceTree = "<group>";
		};
		53052F5F2B127C570030D9DE /* Preview Content */ = {
			isa = PBXGroup;
			children = (
				53052F602B127C570030D9DE /* Preview Assets.xcassets */,
			);
			path = "Preview Content";
			sourceTree = "<group>";
		};
		53346D592B1DB7EF00661A07 /* DocumentView */ = {
			isa = PBXGroup;
			children = (
				5373156E2B131D2F00CD6932 /* DocumentView.swift */,
				537315722B13220100CD6932 /* DocumentViewModel.swift */,
				53346D572B1DB6A900661A07 /* DocumentViewModel+TreeViewModelDelegate.swift */,
			);
			path = DocumentView;
			sourceTree = "<group>";
		};
/* End PBXGroup section */

/* Begin PBXNativeTarget section */
		53052F542B127C560030D9DE /* DiscoveryTree */ = {
			isa = PBXNativeTarget;
			buildConfigurationList = 53052F7A2B127C570030D9DE /* Build configuration list for PBXNativeTarget "DiscoveryTree" */;
			buildPhases = (
				53052F512B127C560030D9DE /* Sources */,
				53052F522B127C560030D9DE /* Frameworks */,
				53052F532B127C560030D9DE /* Resources */,
			);
			buildRules = (
			);
			dependencies = (
			);
			name = DiscoveryTree;
			packageProductDependencies = (
				53FF68602B1B161100C20D7F /* DiscoveryTreeCore */,
			);
			productName = DiscovertTree;
			productReference = 53052F552B127C560030D9DE /* DiscoveryTree.app */;
			productType = "com.apple.product-type.application";
		};
/* End PBXNativeTarget section */

/* Begin PBXProject section */
		53052F4D2B127C560030D9DE /* Project object */ = {
			isa = PBXProject;
			attributes = {
				BuildIndependentTargetsInParallel = 1;
				LastSwiftUpdateCheck = 1510;
				LastUpgradeCheck = 1510;
				TargetAttributes = {
					53052F542B127C560030D9DE = {
						CreatedOnToolsVersion = 15.1;
					};
				};
			};
			buildConfigurationList = 53052F502B127C560030D9DE /* Build configuration list for PBXProject "DiscoveryTree" */;
			compatibilityVersion = "Xcode 14.0";
			developmentRegion = en;
			hasScannedForEncodings = 0;
			knownRegions = (
				en,
				Base,
			);
			mainGroup = 53052F4C2B127C560030D9DE;
			packageReferences = (
				53FF685F2B1B161100C20D7F /* XCRemoteSwiftPackageReference "DiscoveryTreeCore" */,
			);
			productRefGroup = 53052F562B127C560030D9DE /* Products */;
			projectDirPath = "";
			projectRoot = "";
			targets = (
				53052F542B127C560030D9DE /* DiscoveryTree */,
			);
		};
/* End PBXProject section */

/* Begin PBXResourcesBuildPhase section */
		53052F532B127C560030D9DE /* Resources */ = {
			isa = PBXResourcesBuildPhase;
			buildActionMask = 2147483647;
			files = (
				5381A62F2B13B448007C56FD /* Assets.xcassets in Resources */,
				53052F612B127C570030D9DE /* Preview Assets.xcassets in Resources */,
			);
			runOnlyForDeploymentPostprocessing = 0;
		};
/* End PBXResourcesBuildPhase section */

/* Begin PBXSourcesBuildPhase section */
		53052F512B127C560030D9DE /* Sources */ = {
			isa = PBXSourcesBuildPhase;
			buildActionMask = 2147483647;
			files = (
				536EF4022B1AF45F00DDBB8D /* TestData.swift in Sources */,
				5381A6312B13B5A0007C56FD /* Theme.swift in Sources */,
				53052F5B2B127C560030D9DE /* ContentView.swift in Sources */,
				53FF68632B1B1D5C00C20D7F /* AppError.swift in Sources */,
				5381A6332B1456C9007C56FD /* Ticket.swift in Sources */,
				5381A62D2B13812F007C56FD /* TicketView.swift in Sources */,
				536EF4042B1AF4B400DDBB8D /* Tree+Extensions.swift in Sources */,
				5381A6352B145E03007C56FD /* TicketViewModel.swift in Sources */,
				53052F592B127C560030D9DE /* DiscoveryTreeApp.swift in Sources */,
				5373156F2B131D2F00CD6932 /* DocumentView.swift in Sources */,
				537315732B13220100CD6932 /* DocumentViewModel.swift in Sources */,
				53FF68652B1C8ACA00C20D7F /* Constants.swift in Sources */,
				53346D582B1DB6A900661A07 /* DocumentViewModel+TreeViewModelDelegate.swift in Sources */,
			);
			runOnlyForDeploymentPostprocessing = 0;
		};
/* End PBXSourcesBuildPhase section */

/* Begin XCBuildConfiguration section */
		53052F782B127C570030D9DE /* Debug */ = {
			isa = XCBuildConfiguration;
			buildSettings = {
				ALWAYS_SEARCH_USER_PATHS = NO;
				ASSETCATALOG_COMPILER_GENERATE_SWIFT_ASSET_SYMBOL_EXTENSIONS = YES;
				CLANG_ANALYZER_NONNULL = YES;
				CLANG_ANALYZER_NUMBER_OBJECT_CONVERSION = YES_AGGRESSIVE;
				CLANG_CXX_LANGUAGE_STANDARD = "gnu++20";
				CLANG_ENABLE_MODULES = YES;
				CLANG_ENABLE_OBJC_ARC = YES;
				CLANG_ENABLE_OBJC_WEAK = YES;
				CLANG_WARN_BLOCK_CAPTURE_AUTORELEASING = YES;
				CLANG_WARN_BOOL_CONVERSION = YES;
				CLANG_WARN_COMMA = YES;
				CLANG_WARN_CONSTANT_CONVERSION = YES;
				CLANG_WARN_DEPRECATED_OBJC_IMPLEMENTATIONS = YES;
				CLANG_WARN_DIRECT_OBJC_ISA_USAGE = YES_ERROR;
				CLANG_WARN_DOCUMENTATION_COMMENTS = YES;
				CLANG_WARN_EMPTY_BODY = YES;
				CLANG_WARN_ENUM_CONVERSION = YES;
				CLANG_WARN_INFINITE_RECURSION = YES;
				CLANG_WARN_INT_CONVERSION = YES;
				CLANG_WARN_NON_LITERAL_NULL_CONVERSION = YES;
				CLANG_WARN_OBJC_IMPLICIT_RETAIN_SELF = YES;
				CLANG_WARN_OBJC_LITERAL_CONVERSION = YES;
				CLANG_WARN_OBJC_ROOT_CLASS = YES_ERROR;
				CLANG_WARN_QUOTED_INCLUDE_IN_FRAMEWORK_HEADER = YES;
				CLANG_WARN_RANGE_LOOP_ANALYSIS = YES;
				CLANG_WARN_STRICT_PROTOTYPES = YES;
				CLANG_WARN_SUSPICIOUS_MOVE = YES;
				CLANG_WARN_UNGUARDED_AVAILABILITY = YES_AGGRESSIVE;
				CLANG_WARN_UNREACHABLE_CODE = YES;
				CLANG_WARN__DUPLICATE_METHOD_MATCH = YES;
				COPY_PHASE_STRIP = NO;
				DEBUG_INFORMATION_FORMAT = dwarf;
				ENABLE_STRICT_OBJC_MSGSEND = YES;
				ENABLE_TESTABILITY = YES;
				ENABLE_USER_SCRIPT_SANDBOXING = YES;
				GCC_C_LANGUAGE_STANDARD = gnu17;
				GCC_DYNAMIC_NO_PIC = NO;
				GCC_NO_COMMON_BLOCKS = YES;
				GCC_OPTIMIZATION_LEVEL = 0;
				GCC_PREPROCESSOR_DEFINITIONS = (
					"DEBUG=1",
					"$(inherited)",
				);
				GCC_WARN_64_TO_32_BIT_CONVERSION = YES;
				GCC_WARN_ABOUT_RETURN_TYPE = YES_ERROR;
				GCC_WARN_UNDECLARED_SELECTOR = YES;
				GCC_WARN_UNINITIALIZED_AUTOS = YES_AGGRESSIVE;
				GCC_WARN_UNUSED_FUNCTION = YES;
				GCC_WARN_UNUSED_VARIABLE = YES;
				LOCALIZATION_PREFERS_STRING_CATALOGS = YES;
				MTL_ENABLE_DEBUG_INFO = INCLUDE_SOURCE;
				MTL_FAST_MATH = YES;
				ONLY_ACTIVE_ARCH = YES;
				SWIFT_ACTIVE_COMPILATION_CONDITIONS = "DEBUG $(inherited)";
				SWIFT_OPTIMIZATION_LEVEL = "-Onone";
			};
			name = Debug;
		};
		53052F792B127C570030D9DE /* Release */ = {
			isa = XCBuildConfiguration;
			buildSettings = {
				ALWAYS_SEARCH_USER_PATHS = NO;
				ASSETCATALOG_COMPILER_GENERATE_SWIFT_ASSET_SYMBOL_EXTENSIONS = YES;
				CLANG_ANALYZER_NONNULL = YES;
				CLANG_ANALYZER_NUMBER_OBJECT_CONVERSION = YES_AGGRESSIVE;
				CLANG_CXX_LANGUAGE_STANDARD = "gnu++20";
				CLANG_ENABLE_MODULES = YES;
				CLANG_ENABLE_OBJC_ARC = YES;
				CLANG_ENABLE_OBJC_WEAK = YES;
				CLANG_WARN_BLOCK_CAPTURE_AUTORELEASING = YES;
				CLANG_WARN_BOOL_CONVERSION = YES;
				CLANG_WARN_COMMA = YES;
				CLANG_WARN_CONSTANT_CONVERSION = YES;
				CLANG_WARN_DEPRECATED_OBJC_IMPLEMENTATIONS = YES;
				CLANG_WARN_DIRECT_OBJC_ISA_USAGE = YES_ERROR;
				CLANG_WARN_DOCUMENTATION_COMMENTS = YES;
				CLANG_WARN_EMPTY_BODY = YES;
				CLANG_WARN_ENUM_CONVERSION = YES;
				CLANG_WARN_INFINITE_RECURSION = YES;
				CLANG_WARN_INT_CONVERSION = YES;
				CLANG_WARN_NON_LITERAL_NULL_CONVERSION = YES;
				CLANG_WARN_OBJC_IMPLICIT_RETAIN_SELF = YES;
				CLANG_WARN_OBJC_LITERAL_CONVERSION = YES;
				CLANG_WARN_OBJC_ROOT_CLASS = YES_ERROR;
				CLANG_WARN_QUOTED_INCLUDE_IN_FRAMEWORK_HEADER = YES;
				CLANG_WARN_RANGE_LOOP_ANALYSIS = YES;
				CLANG_WARN_STRICT_PROTOTYPES = YES;
				CLANG_WARN_SUSPICIOUS_MOVE = YES;
				CLANG_WARN_UNGUARDED_AVAILABILITY = YES_AGGRESSIVE;
				CLANG_WARN_UNREACHABLE_CODE = YES;
				CLANG_WARN__DUPLICATE_METHOD_MATCH = YES;
				COPY_PHASE_STRIP = NO;
				DEBUG_INFORMATION_FORMAT = "dwarf-with-dsym";
				ENABLE_NS_ASSERTIONS = NO;
				ENABLE_STRICT_OBJC_MSGSEND = YES;
				ENABLE_USER_SCRIPT_SANDBOXING = YES;
				GCC_C_LANGUAGE_STANDARD = gnu17;
				GCC_NO_COMMON_BLOCKS = YES;
				GCC_WARN_64_TO_32_BIT_CONVERSION = YES;
				GCC_WARN_ABOUT_RETURN_TYPE = YES_ERROR;
				GCC_WARN_UNDECLARED_SELECTOR = YES;
				GCC_WARN_UNINITIALIZED_AUTOS = YES_AGGRESSIVE;
				GCC_WARN_UNUSED_FUNCTION = YES;
				GCC_WARN_UNUSED_VARIABLE = YES;
				LOCALIZATION_PREFERS_STRING_CATALOGS = YES;
				MTL_ENABLE_DEBUG_INFO = NO;
				MTL_FAST_MATH = YES;
				SWIFT_COMPILATION_MODE = wholemodule;
			};
			name = Release;
		};
		53052F7B2B127C570030D9DE /* Debug */ = {
			isa = XCBuildConfiguration;
			buildSettings = {
				ASSETCATALOG_COMPILER_APPICON_NAME = AppIcon;
				ASSETCATALOG_COMPILER_GLOBAL_ACCENT_COLOR_NAME = AccentColor;
				CODE_SIGN_ENTITLEMENTS = DiscovertTree/DiscovertTree.entitlements;
				CODE_SIGN_STYLE = Automatic;
				CURRENT_PROJECT_VERSION = 1;
				DEVELOPMENT_ASSET_PATHS = "\"DiscovertTree/Preview Content\"";
				DEVELOPMENT_TEAM = Q4783BNZ95;
				ENABLE_HARDENED_RUNTIME = YES;
				ENABLE_PREVIEWS = YES;
				GENERATE_INFOPLIST_FILE = YES;
				INFOPLIST_KEY_CFBundleDisplayName = DiscoveryTree;
				INFOPLIST_KEY_LSApplicationCategoryType = "public.app-category.productivity";
				"INFOPLIST_KEY_UIApplicationSceneManifest_Generation[sdk=iphoneos*]" = YES;
				"INFOPLIST_KEY_UIApplicationSceneManifest_Generation[sdk=iphonesimulator*]" = YES;
				"INFOPLIST_KEY_UIApplicationSupportsIndirectInputEvents[sdk=iphoneos*]" = YES;
				"INFOPLIST_KEY_UIApplicationSupportsIndirectInputEvents[sdk=iphonesimulator*]" = YES;
				"INFOPLIST_KEY_UILaunchScreen_Generation[sdk=iphoneos*]" = YES;
				"INFOPLIST_KEY_UILaunchScreen_Generation[sdk=iphonesimulator*]" = YES;
				"INFOPLIST_KEY_UIStatusBarStyle[sdk=iphoneos*]" = UIStatusBarStyleDefault;
				"INFOPLIST_KEY_UIStatusBarStyle[sdk=iphonesimulator*]" = UIStatusBarStyleDefault;
				INFOPLIST_KEY_UISupportedInterfaceOrientations_iPad = "UIInterfaceOrientationPortrait UIInterfaceOrientationPortraitUpsideDown UIInterfaceOrientationLandscapeLeft UIInterfaceOrientationLandscapeRight";
				INFOPLIST_KEY_UISupportedInterfaceOrientations_iPhone = "UIInterfaceOrientationPortrait UIInterfaceOrientationLandscapeLeft UIInterfaceOrientationLandscapeRight";
				IPHONEOS_DEPLOYMENT_TARGET = 17.2;
				LD_RUNPATH_SEARCH_PATHS = "@executable_path/Frameworks";
				"LD_RUNPATH_SEARCH_PATHS[sdk=macosx*]" = "@executable_path/../Frameworks";
				MACOSX_DEPLOYMENT_TARGET = 14.1;
				MARKETING_VERSION = 1.0;
				PRODUCT_BUNDLE_IDENTIFIER = com.keith27staines.DiscovertTree;
				PRODUCT_NAME = "$(TARGET_NAME)";
				SDKROOT = auto;
				SUPPORTED_PLATFORMS = "iphoneos iphonesimulator macosx";
				SWIFT_EMIT_LOC_STRINGS = YES;
				SWIFT_VERSION = 5.0;
				TARGETED_DEVICE_FAMILY = "1,2";
			};
			name = Debug;
		};
		53052F7C2B127C570030D9DE /* Release */ = {
			isa = XCBuildConfiguration;
			buildSettings = {
				ASSETCATALOG_COMPILER_APPICON_NAME = AppIcon;
				ASSETCATALOG_COMPILER_GLOBAL_ACCENT_COLOR_NAME = AccentColor;
				CODE_SIGN_ENTITLEMENTS = DiscovertTree/DiscovertTree.entitlements;
				CODE_SIGN_STYLE = Automatic;
				CURRENT_PROJECT_VERSION = 1;
				DEVELOPMENT_ASSET_PATHS = "\"DiscovertTree/Preview Content\"";
				DEVELOPMENT_TEAM = Q4783BNZ95;
				ENABLE_HARDENED_RUNTIME = YES;
				ENABLE_PREVIEWS = YES;
				GENERATE_INFOPLIST_FILE = YES;
				INFOPLIST_KEY_CFBundleDisplayName = DiscoveryTree;
				INFOPLIST_KEY_LSApplicationCategoryType = "public.app-category.productivity";
				"INFOPLIST_KEY_UIApplicationSceneManifest_Generation[sdk=iphoneos*]" = YES;
				"INFOPLIST_KEY_UIApplicationSceneManifest_Generation[sdk=iphonesimulator*]" = YES;
				"INFOPLIST_KEY_UIApplicationSupportsIndirectInputEvents[sdk=iphoneos*]" = YES;
				"INFOPLIST_KEY_UIApplicationSupportsIndirectInputEvents[sdk=iphonesimulator*]" = YES;
				"INFOPLIST_KEY_UILaunchScreen_Generation[sdk=iphoneos*]" = YES;
				"INFOPLIST_KEY_UILaunchScreen_Generation[sdk=iphonesimulator*]" = YES;
				"INFOPLIST_KEY_UIStatusBarStyle[sdk=iphoneos*]" = UIStatusBarStyleDefault;
				"INFOPLIST_KEY_UIStatusBarStyle[sdk=iphonesimulator*]" = UIStatusBarStyleDefault;
				INFOPLIST_KEY_UISupportedInterfaceOrientations_iPad = "UIInterfaceOrientationPortrait UIInterfaceOrientationPortraitUpsideDown UIInterfaceOrientationLandscapeLeft UIInterfaceOrientationLandscapeRight";
				INFOPLIST_KEY_UISupportedInterfaceOrientations_iPhone = "UIInterfaceOrientationPortrait UIInterfaceOrientationLandscapeLeft UIInterfaceOrientationLandscapeRight";
				IPHONEOS_DEPLOYMENT_TARGET = 17.2;
				LD_RUNPATH_SEARCH_PATHS = "@executable_path/Frameworks";
				"LD_RUNPATH_SEARCH_PATHS[sdk=macosx*]" = "@executable_path/../Frameworks";
				MACOSX_DEPLOYMENT_TARGET = 14.1;
				MARKETING_VERSION = 1.0;
				PRODUCT_BUNDLE_IDENTIFIER = com.keith27staines.DiscovertTree;
				PRODUCT_NAME = "$(TARGET_NAME)";
				SDKROOT = auto;
				SUPPORTED_PLATFORMS = "iphoneos iphonesimulator macosx";
				SWIFT_EMIT_LOC_STRINGS = YES;
				SWIFT_VERSION = 5.0;
				TARGETED_DEVICE_FAMILY = "1,2";
			};
			name = Release;
		};
/* End XCBuildConfiguration section */

/* Begin XCConfigurationList section */
		53052F502B127C560030D9DE /* Build configuration list for PBXProject "DiscoveryTree" */ = {
			isa = XCConfigurationList;
			buildConfigurations = (
				53052F782B127C570030D9DE /* Debug */,
				53052F792B127C570030D9DE /* Release */,
			);
			defaultConfigurationIsVisible = 0;
			defaultConfigurationName = Release;
		};
		53052F7A2B127C570030D9DE /* Build configuration list for PBXNativeTarget "DiscoveryTree" */ = {
			isa = XCConfigurationList;
			buildConfigurations = (
				53052F7B2B127C570030D9DE /* Debug */,
				53052F7C2B127C570030D9DE /* Release */,
			);
			defaultConfigurationIsVisible = 0;
			defaultConfigurationName = Release;
		};
/* End XCConfigurationList section */

/* Begin XCRemoteSwiftPackageReference section */
		53FF685F2B1B161100C20D7F /* XCRemoteSwiftPackageReference "DiscoveryTreeCore" */ = {
			isa = XCRemoteSwiftPackageReference;
			repositoryURL = "https://github.com/keith27staines/DiscoveryTreeCore.git";
			requirement = {
				branch = main;
				kind = branch;
			};
		};
/* End XCRemoteSwiftPackageReference section */

/* Begin XCSwiftPackageProductDependency section */
		53FF68602B1B161100C20D7F /* DiscoveryTreeCore */ = {
			isa = XCSwiftPackageProductDependency;
			package = 53FF685F2B1B161100C20D7F /* XCRemoteSwiftPackageReference "DiscoveryTreeCore" */;
			productName = DiscoveryTreeCore;
		};
/* End XCSwiftPackageProductDependency section */
	};
	rootObject = 53052F4D2B127C560030D9DE /* Project object */;
}
