{
  "pins" : [
    {
      "identity" : "discoverytreecore",
      "kind" : "remoteSourceControl",
      "location" : "https://github.com/keith27staines/DiscoveryTreeCore.git",
      "state" : {
        "branch" : "main",
        "revision" : "04e7138d89f0676c424ffffee0c95770a2ac791a"
      }
    }
  ],
  "version" : 2
}
