{
  "pins" : [
    {
      "identity" : "discoverytreecore",
      "kind" : "remoteSourceControl",
      "location" : "https://github.com/keith27staines/DiscoveryTreeCore.git",
      "state" : {
        "branch" : "main",
        "revision" : "25f9db4542f453fcf9847172dafc4eab03739046"
      }
    }
  ],
  "version" : 2
}
