{
  "pins" : [
    {
      "identity" : "discoverytreecore",
      "kind" : "remoteSourceControl",
      "location" : "https://github.com/keith27staines/DiscoveryTreeCore.git",
      "state" : {
        "branch" : "main",
        "revision" : "964c9b35f2dc0a6fb5f23c5ec827d28550a14f7d"
      }
    }
  ],
  "version" : 2
}
