{
  "pins" : [
    {
      "identity" : "discoverytreecore",
      "kind" : "remoteSourceControl",
      "location" : "https://github.com/keith27staines/DiscoveryTreeCore.git",
      "state" : {
        "branch" : "main",
        "revision" : "4119cc25261aece41ea9126af371abb6412ea7fe"
      }
    }
  ],
  "version" : 2
}
